
Microsoft Visual Studio Solution File, Format Version 12.00
# Visual Studio Version 18
VisualStudioVersion = 18.7.11925.98
MinimumVisualStudioVersion = 10.0.40219.1
Project("{2150E333-8FDC-42A3-9474-1A3956D46DE8}") = "01-Beginner", "01-Beginner", "{A1B2C3D4-0001-0001-0001-000000000001}"
EndProject
Project("{FAE04EC0-301F-11D3-BF4B-00C04F79EFBC}") = "LlmFundamentals", "01-Beginner\01-LlmFundamentals\LlmFundamentals.csproj", "{B1C2D3E4-0001-0001-0001-000000000001}"
EndProject
Project("{FAE04EC0-301F-11D3-BF4B-00C04F79EFBC}") = "FromLlmsToAgents", "01-Beginner\02-FromLlmsToAgents\FromLlmsToAgents.csproj", "{B1C2D3E4-0002-0001-0001-000000000001}"
EndProject
Project("{2150E333-8FDC-42A3-9474-1A3956D46DE8}") = "02-Intermediate", "02-Intermediate", "{A1B2C3D4-0001-0001-0001-000000000002}"
EndProject
Project("{FAE04EC0-301F-11D3-BF4B-00C04F79EFBC}") = "AddingTools", "02-Intermediate\01-AddingTools\AddingTools.csproj", "{B1C2D3E4-0001-0002-0001-000000000001}"
EndProject
Project("{FAE04EC0-301F-11D3-BF4B-00C04F79EFBC}") = "AddingSkills", "02-Intermediate\02-AddingSkills\AddingSkills.csproj", "{B1C2D3E4-0002-0002-0001-000000000001}"
EndProject
Project("{FAE04EC0-301F-11D3-BF4B-00C04F79EFBC}") = "AddingMiddleware", "02-Intermediate\03-AddingMiddleware\AddingMiddleware.csproj", "{B1C2D3E4-0003-0002-0001-000000000001}"
EndProject
Project("{2150E333-8FDC-42A3-9474-1A3956D46DE8}") = "03-Advanced", "03-Advanced", "{A1B2C3D4-0001-0001-0001-000000000003}"
EndProject
Project("{2150E333-8FDC-42A3-9474-1A3956D46DE8}") = "04-Expert", "04-Expert", "{A1B2C3D4-0001-0001-0001-000000000004}"
EndProject
Project("{2150E333-8FDC-42A3-9474-1A3956D46DE8}") = "Tests", "Tests", "{0AB3BF05-4346-4AA6-1389-037BE0695223}"
EndProject
Project("{FAE04EC0-301F-11D3-BF4B-00C04F79EFBC}") = "Tests", "Tests\Tests.csproj", "{797EC7AB-6A23-4D6A-9CCB-08831DE063D5}"
EndProject
Project("{FAE04EC0-301F-11D3-BF4B-00C04F79EFBC}") = "ContextProviders", "03-Advanced\01-ContextProviders\ContextProviders.csproj", "{FF18DAEA-6F90-48FC-9819-EF7118C2F33D}"
EndProject
Project("{FAE04EC0-301F-11D3-BF4B-00C04F79EFBC}") = "AgentsAsTools", "03-Advanced\02-AgentsAsTools\AgentsAsTools.csproj", "{BC2A2922-84D6-4181-9A4C-AC473CF6363F}"
EndProject
Project("{FAE04EC0-301F-11D3-BF4B-00C04F79EFBC}") = "AgentToAgentCommunication", "04-Expert\01-AgentToAgentCommunication\AgentToAgentCommunication.csproj", "{D1E2F3A4-0001-0004-0001-000000000001}"
EndProject
Project("{FAE04EC0-301F-11D3-BF4B-00C04F79EFBC}") = "Workflows", "04-Expert\02-Workflows\Workflows.csproj", "{1C4EA957-2B5F-4CF4-AE37-BD8891F1A12D}"
EndProject
Project("{2150E333-8FDC-42A3-9474-1A3956D46DE8}") = "Solution Items", "Solution Items", "{8C4073E1-2950-413E-8A92-F4A996D3231E}"
	ProjectSection(SolutionItems) = preProject
		.gitignore = .gitignore
		appsettings.json = appsettings.json
		Directory.Build.props = Directory.Build.props
		README.md = README.md
	EndProjectSection
EndProject
Project("{2150E333-8FDC-42A3-9474-1A3956D46DE8}") = "McpSdk", "McpSdk", "{A0362096-4F46-4E5D-BC91-328A8AE22D01}"
	ProjectSection(SolutionItems) = preProject
		04-Expert\03-McpSdk\README.md = 04-Expert\03-McpSdk\README.md
		04-Expert\03-McpSdk\THEORY.md = 04-Expert\03-McpSdk\THEORY.md
	EndProjectSection
EndProject
Project("{FAE04EC0-301F-11D3-BF4B-00C04F79EFBC}") = "McpSdk.Server", "04-Expert\03-McpSdk\McpSdk.Server\McpSdk.Server.csproj", "{E0078B22-149A-9519-3FE1-B09082134991}"
EndProject
Project("{FAE04EC0-301F-11D3-BF4B-00C04F79EFBC}") = "McpSdk.Client", "04-Expert\03-McpSdk\McpSdk.Client\McpSdk.Client.csproj", "{D234F3F4-EF02-E095-BF3C-D48AA05044D2}"
EndProject
Project("{FAE04EC0-301F-11D3-BF4B-00C04F79EFBC}") = "McpAdvanced.Tests", "Tests\McpAdvanced.Tests\McpAdvanced.Tests.csproj", "{4F68F035-9DC0-4DF4-B252-5BDD0E1C92F8}"
EndProject
Project("{FAE04EC0-301F-11D3-BF4B-00C04F79EFBC}") = "McpAdvanced.Server", "04-Expert\04-McpAdvanced\McpAdvanced.Server\McpAdvanced.Server.csproj", "{8A781D88-AECA-4BEA-9A1D-89CB26332C5F}"
EndProject
Global
	GlobalSection(SolutionConfigurationPlatforms) = preSolution
		Debug|Any CPU = Debug|Any CPU
		Debug|x64 = Debug|x64
		Debug|x86 = Debug|x86
		Release|Any CPU = Release|Any CPU
		Release|x64 = Release|x64
		Release|x86 = Release|x86
	EndGlobalSection
	GlobalSection(ProjectConfigurationPlatforms) = postSolution
		{B1C2D3E4-0001-0001-0001-000000000001}.Debug|Any CPU.ActiveCfg = Debug|Any CPU
		{B1C2D3E4-0001-0001-0001-000000000001}.Debug|Any CPU.Build.0 = Debug|Any CPU
		{B1C2D3E4-0001-0001-0001-000000000001}.Debug|x64.ActiveCfg = Debug|Any CPU
		{B1C2D3E4-0001-0001-0001-000000000001}.Debug|x64.Build.0 = Debug|Any CPU
		{B1C2D3E4-0001-0001-0001-000000000001}.Debug|x86.ActiveCfg = Debug|Any CPU
		{B1C2D3E4-0001-0001-0001-000000000001}.Debug|x86.Build.0 = Debug|Any CPU
		{B1C2D3E4-0001-0001-0001-000000000001}.Release|Any CPU.ActiveCfg = Release|Any CPU
		{B1C2D3E4-0001-0001-0001-000000000001}.Release|Any CPU.Build.0 = Release|Any CPU
		{B1C2D3E4-0001-0001-0001-000000000001}.Release|x64.ActiveCfg = Release|Any CPU
		{B1C2D3E4-0001-0001-0001-000000000001}.Release|x64.Build.0 = Release|Any CPU
		{B1C2D3E4-0001-0001-0001-000000000001}.Release|x86.ActiveCfg = Release|Any CPU
		{B1C2D3E4-0001-0001-0001-000000000001}.Release|x86.Build.0 = Release|Any CPU
		{B1C2D3E4-0002-0001-0001-000000000001}.Debug|Any CPU.ActiveCfg = Debug|Any CPU
		{B1C2D3E4-0002-0001-0001-000000000001}.Debug|Any CPU.Build.0 = Debug|Any CPU
		{B1C2D3E4-0002-0001-0001-000000000001}.Debug|x64.ActiveCfg = Debug|Any CPU
		{B1C2D3E4-0002-0001-0001-000000000001}.Debug|x64.Build.0 = Debug|Any CPU
		{B1C2D3E4-0002-0001-0001-000000000001}.Debug|x86.ActiveCfg = Debug|Any CPU
		{B1C2D3E4-0002-0001-0001-000000000001}.Debug|x86.Build.0 = Debug|Any CPU
		{B1C2D3E4-0002-0001-0001-000000000001}.Release|Any CPU.ActiveCfg = Release|Any CPU
		{B1C2D3E4-0002-0001-0001-000000000001}.Release|Any CPU.Build.0 = Release|Any CPU
		{B1C2D3E4-0002-0001-0001-000000000001}.Release|x64.ActiveCfg = Release|Any CPU
		{B1C2D3E4-0002-0001-0001-000000000001}.Release|x64.Build.0 = Release|Any CPU
		{B1C2D3E4-0002-0001-0001-000000000001}.Release|x86.ActiveCfg = Release|Any CPU
		{B1C2D3E4-0002-0001-0001-000000000001}.Release|x86.Build.0 = Release|Any CPU
		{B1C2D3E4-0001-0002-0001-000000000001}.Debug|Any CPU.ActiveCfg = Debug|Any CPU
		{B1C2D3E4-0001-0002-0001-000000000001}.Debug|Any CPU.Build.0 = Debug|Any CPU
		{B1C2D3E4-0001-0002-0001-000000000001}.Debug|x64.ActiveCfg = Debug|Any CPU
		{B1C2D3E4-0001-0002-0001-000000000001}.Debug|x64.Build.0 = Debug|Any CPU
		{B1C2D3E4-0001-0002-0001-000000000001}.Debug|x86.ActiveCfg = Debug|Any CPU
		{B1C2D3E4-0001-0002-0001-000000000001}.Debug|x86.Build.0 = Debug|Any CPU
		{B1C2D3E4-0001-0002-0001-000000000001}.Release|Any CPU.ActiveCfg = Release|Any CPU
		{B1C2D3E4-0001-0002-0001-000000000001}.Release|Any CPU.Build.0 = Release|Any CPU
		{B1C2D3E4-0001-0002-0001-000000000001}.Release|x64.ActiveCfg = Release|Any CPU
		{B1C2D3E4-0001-0002-0001-000000000001}.Release|x64.Build.0 = Release|Any CPU
		{B1C2D3E4-0001-0002-0001-000000000001}.Release|x86.ActiveCfg = Release|Any CPU
		{B1C2D3E4-0001-0002-0001-000000000001}.Release|x86.Build.0 = Release|Any CPU
		{B1C2D3E4-0002-0002-0001-000000000001}.Debug|Any CPU.ActiveCfg = Debug|Any CPU
		{B1C2D3E4-0002-0002-0001-000000000001}.Debug|Any CPU.Build.0 = Debug|Any CPU
		{B1C2D3E4-0002-0002-0001-000000000001}.Debug|x64.ActiveCfg = Debug|Any CPU
		{B1C2D3E4-0002-0002-0001-000000000001}.Debug|x64.Build.0 = Debug|Any CPU
		{B1C2D3E4-0002-0002-0001-000000000001}.Debug|x86.ActiveCfg = Debug|Any CPU
		{B1C2D3E4-0002-0002-0001-000000000001}.Debug|x86.Build.0 = Debug|Any CPU
		{B1C2D3E4-0002-0002-0001-000000000001}.Release|Any CPU.ActiveCfg = Release|Any CPU
		{B1C2D3E4-0002-0002-0001-000000000001}.Release|Any CPU.Build.0 = Release|Any CPU
		{B1C2D3E4-0002-0002-0001-000000000001}.Release|x64.ActiveCfg = Release|Any CPU
		{B1C2D3E4-0002-0002-0001-000000000001}.Release|x64.Build.0 = Release|Any CPU
		{B1C2D3E4-0002-0002-0001-000000000001}.Release|x86.ActiveCfg = Release|Any CPU
		{B1C2D3E4-0002-0002-0001-000000000001}.Release|x86.Build.0 = Release|Any CPU
		{B1C2D3E4-0003-0002-0001-000000000001}.Debug|Any CPU.ActiveCfg = Debug|Any CPU
		{B1C2D3E4-0003-0002-0001-000000000001}.Debug|Any CPU.Build.0 = Debug|Any CPU
		{B1C2D3E4-0003-0002-0001-000000000001}.Debug|x64.ActiveCfg = Debug|Any CPU
		{B1C2D3E4-0003-0002-0001-000000000001}.Debug|x64.Build.0 = Debug|Any CPU
		{B1C2D3E4-0003-0002-0001-000000000001}.Debug|x86.ActiveCfg = Debug|Any CPU
		{B1C2D3E4-0003-0002-0001-000000000001}.Debug|x86.Build.0 = Debug|Any CPU
		{B1C2D3E4-0003-0002-0001-000000000001}.Release|Any CPU.ActiveCfg = Release|Any CPU
		{B1C2D3E4-0003-0002-0001-000000000001}.Release|Any CPU.Build.0 = Release|Any CPU
		{B1C2D3E4-0003-0002-0001-000000000001}.Release|x64.ActiveCfg = Release|Any CPU
		{B1C2D3E4-0003-0002-0001-000000000001}.Release|x64.Build.0 = Release|Any CPU
		{B1C2D3E4-0003-0002-0001-000000000001}.Release|x86.ActiveCfg = Release|Any CPU
		{B1C2D3E4-0003-0002-0001-000000000001}.Release|x86.Build.0 = Release|Any CPU
		{797EC7AB-6A23-4D6A-9CCB-08831DE063D5}.Debug|Any CPU.ActiveCfg = Debug|Any CPU
		{797EC7AB-6A23-4D6A-9CCB-08831DE063D5}.Debug|Any CPU.Build.0 = Debug|Any CPU
		{797EC7AB-6A23-4D6A-9CCB-08831DE063D5}.Debug|x64.ActiveCfg = Debug|Any CPU
		{797EC7AB-6A23-4D6A-9CCB-08831DE063D5}.Debug|x64.Build.0 = Debug|Any CPU
		{797EC7AB-6A23-4D6A-9CCB-08831DE063D5}.Debug|x86.ActiveCfg = Debug|Any CPU
		{797EC7AB-6A23-4D6A-9CCB-08831DE063D5}.Debug|x86.Build.0 = Debug|Any CPU
		{797EC7AB-6A23-4D6A-9CCB-08831DE063D5}.Release|Any CPU.ActiveCfg = Release|Any CPU
		{797EC7AB-6A23-4D6A-9CCB-08831DE063D5}.Release|Any CPU.Build.0 = Release|Any CPU
		{797EC7AB-6A23-4D6A-9CCB-08831DE063D5}.Release|x64.ActiveCfg = Release|Any CPU
		{797EC7AB-6A23-4D6A-9CCB-08831DE063D5}.Release|x64.Build.0 = Release|Any CPU
		{797EC7AB-6A23-4D6A-9CCB-08831DE063D5}.Release|x86.ActiveCfg = Release|Any CPU
		{797EC7AB-6A23-4D6A-9CCB-08831DE063D5}.Release|x86.Build.0 = Release|Any CPU
		{FF18DAEA-6F90-48FC-9819-EF7118C2F33D}.Debug|Any CPU.ActiveCfg = Debug|Any CPU
		{FF18DAEA-6F90-48FC-9819-EF7118C2F33D}.Debug|Any CPU.Build.0 = Debug|Any CPU
		{FF18DAEA-6F90-48FC-9819-EF7118C2F33D}.Debug|x64.ActiveCfg = Debug|Any CPU
		{FF18DAEA-6F90-48FC-9819-EF7118C2F33D}.Debug|x64.Build.0 = Debug|Any CPU
		{FF18DAEA-6F90-48FC-9819-EF7118C2F33D}.Debug|x86.ActiveCfg = Debug|Any CPU
		{FF18DAEA-6F90-48FC-9819-EF7118C2F33D}.Debug|x86.Build.0 = Debug|Any CPU
		{FF18DAEA-6F90-48FC-9819-EF7118C2F33D}.Release|Any CPU.ActiveCfg = Release|Any CPU
		{FF18DAEA-6F90-48FC-9819-EF7118C2F33D}.Release|Any CPU.Build.0 = Release|Any CPU
		{FF18DAEA-6F90-48FC-9819-EF7118C2F33D}.Release|x64.ActiveCfg = Release|Any CPU
		{FF18DAEA-6F90-48FC-9819-EF7118C2F33D}.Release|x64.Build.0 = Release|Any CPU
		{FF18DAEA-6F90-48FC-9819-EF7118C2F33D}.Release|x86.ActiveCfg = Release|Any CPU
		{FF18DAEA-6F90-48FC-9819-EF7118C2F33D}.Release|x86.Build.0 = Release|Any CPU
		{BC2A2922-84D6-4181-9A4C-AC473CF6363F}.Debug|Any CPU.ActiveCfg = Debug|Any CPU
		{BC2A2922-84D6-4181-9A4C-AC473CF6363F}.Debug|Any CPU.Build.0 = Debug|Any CPU
		{BC2A2922-84D6-4181-9A4C-AC473CF6363F}.Debug|x64.ActiveCfg = Debug|Any CPU
		{BC2A2922-84D6-4181-9A4C-AC473CF6363F}.Debug|x64.Build.0 = Debug|Any CPU
		{BC2A2922-84D6-4181-9A4C-AC473CF6363F}.Debug|x86.ActiveCfg = Debug|Any CPU
		{BC2A2922-84D6-4181-9A4C-AC473CF6363F}.Debug|x86.Build.0 = Debug|Any CPU
		{BC2A2922-84D6-4181-9A4C-AC473CF6363F}.Release|Any CPU.ActiveCfg = Release|Any CPU
		{BC2A2922-84D6-4181-9A4C-AC473CF6363F}.Release|Any CPU.Build.0 = Release|Any CPU
		{BC2A2922-84D6-4181-9A4C-AC473CF6363F}.Release|x64.ActiveCfg = Release|Any CPU
		{BC2A2922-84D6-4181-9A4C-AC473CF6363F}.Release|x64.Build.0 = Release|Any CPU
		{BC2A2922-84D6-4181-9A4C-AC473CF6363F}.Release|x86.ActiveCfg = Release|Any CPU
		{BC2A2922-84D6-4181-9A4C-AC473CF6363F}.Release|x86.Build.0 = Release|Any CPU
		{D1E2F3A4-0001-0004-0001-000000000001}.Debug|Any CPU.ActiveCfg = Debug|Any CPU
		{D1E2F3A4-0001-0004-0001-000000000001}.Debug|Any CPU.Build.0 = Debug|Any CPU
		{D1E2F3A4-0001-0004-0001-000000000001}.Debug|x64.ActiveCfg = Debug|Any CPU
		{D1E2F3A4-0001-0004-0001-000000000001}.Debug|x64.Build.0 = Debug|Any CPU
		{D1E2F3A4-0001-0004-0001-000000000001}.Debug|x86.ActiveCfg = Debug|Any CPU
		{D1E2F3A4-0001-0004-0001-000000000001}.Debug|x86.Build.0 = Debug|Any CPU
		{D1E2F3A4-0001-0004-0001-000000000001}.Release|Any CPU.ActiveCfg = Release|Any CPU
		{D1E2F3A4-0001-0004-0001-000000000001}.Release|Any CPU.Build.0 = Release|Any CPU
		{D1E2F3A4-0001-0004-0001-000000000001}.Release|x64.ActiveCfg = Release|Any CPU
		{D1E2F3A4-0001-0004-0001-000000000001}.Release|x64.Build.0 = Release|Any CPU
		{D1E2F3A4-0001-0004-0001-000000000001}.Release|x86.ActiveCfg = Release|Any CPU
		{D1E2F3A4-0001-0004-0001-000000000001}.Release|x86.Build.0 = Release|Any CPU
		{1C4EA957-2B5F-4CF4-AE37-BD8891F1A12D}.Debug|Any CPU.ActiveCfg = Debug|Any CPU
		{1C4EA957-2B5F-4CF4-AE37-BD8891F1A12D}.Debug|Any CPU.Build.0 = Debug|Any CPU
		{1C4EA957-2B5F-4CF4-AE37-BD8891F1A12D}.Debug|x64.ActiveCfg = Debug|Any CPU
		{1C4EA957-2B5F-4CF4-AE37-BD8891F1A12D}.Debug|x64.Build.0 = Debug|Any CPU
		{1C4EA957-2B5F-4CF4-AE37-BD8891F1A12D}.Debug|x86.ActiveCfg = Debug|Any CPU
		{1C4EA957-2B5F-4CF4-AE37-BD8891F1A12D}.Debug|x86.Build.0 = Debug|Any CPU
		{1C4EA957-2B5F-4CF4-AE37-BD8891F1A12D}.Release|Any CPU.ActiveCfg = Release|Any CPU
		{1C4EA957-2B5F-4CF4-AE37-BD8891F1A12D}.Release|Any CPU.Build.0 = Release|Any CPU
		{1C4EA957-2B5F-4CF4-AE37-BD8891F1A12D}.Release|x64.ActiveCfg = Release|Any CPU
		{1C4EA957-2B5F-4CF4-AE37-BD8891F1A12D}.Release|x64.Build.0 = Release|Any CPU
		{1C4EA957-2B5F-4CF4-AE37-BD8891F1A12D}.Release|x86.ActiveCfg = Release|Any CPU
		{1C4EA957-2B5F-4CF4-AE37-BD8891F1A12D}.Release|x86.Build.0 = Release|Any CPU
		{E0078B22-149A-9519-3FE1-B09082134991}.Debug|Any CPU.ActiveCfg = Debug|Any CPU
		{E0078B22-149A-9519-3FE1-B09082134991}.Debug|Any CPU.Build.0 = Debug|Any CPU
		{E0078B22-149A-9519-3FE1-B09082134991}.Debug|x64.ActiveCfg = Debug|Any CPU
		{E0078B22-149A-9519-3FE1-B09082134991}.Debug|x64.Build.0 = Debug|Any CPU
		{E0078B22-149A-9519-3FE1-B09082134991}.Debug|x86.ActiveCfg = Debug|Any CPU
		{E0078B22-149A-9519-3FE1-B09082134991}.Debug|x86.Build.0 = Debug|Any CPU
		{E0078B22-149A-9519-3FE1-B09082134991}.Release|Any CPU.ActiveCfg = Release|Any CPU
		{E0078B22-149A-9519-3FE1-B09082134991}.Release|Any CPU.Build.0 = Release|Any CPU
		{E0078B22-149A-9519-3FE1-B09082134991}.Release|x64.ActiveCfg = Release|Any CPU
		{E0078B22-149A-9519-3FE1-B09082134991}.Release|x64.Build.0 = Release|Any CPU
		{E0078B22-149A-9519-3FE1-B09082134991}.Release|x86.ActiveCfg = Release|Any CPU
		{E0078B22-149A-9519-3FE1-B09082134991}.Release|x86.Build.0 = Release|Any CPU
		{D234F3F4-EF02-E095-BF3C-D48AA05044D2}.Debug|Any CPU.ActiveCfg = Debug|Any CPU
		{D234F3F4-EF02-E095-BF3C-D48AA05044D2}.Debug|Any CPU.Build.0 = Debug|Any CPU
		{D234F3F4-EF02-E095-BF3C-D48AA05044D2}.Debug|x64.ActiveCfg = Debug|Any CPU
		{D234F3F4-EF02-E095-BF3C-D48AA05044D2}.Debug|x64.Build.0 = Debug|Any CPU
		{D234F3F4-EF02-E095-BF3C-D48AA05044D2}.Debug|x86.ActiveCfg = Debug|Any CPU
		{D234F3F4-EF02-E095-BF3C-D48AA05044D2}.Debug|x86.Build.0 = Debug|Any CPU
		{D234F3F4-EF02-E095-BF3C-D48AA05044D2}.Release|Any CPU.ActiveCfg = Release|Any CPU
		{D234F3F4-EF02-E095-BF3C-D48AA05044D2}.Release|Any CPU.Build.0 = Release|Any CPU
		{D234F3F4-EF02-E095-BF3C-D48AA05044D2}.Release|x64.ActiveCfg = Release|Any CPU
		{D234F3F4-EF02-E095-BF3C-D48AA05044D2}.Release|x64.Build.0 = Release|Any CPU
		{D234F3F4-EF02-E095-BF3C-D48AA05044D2}.Release|x86.ActiveCfg = Release|Any CPU
		{D234F3F4-EF02-E095-BF3C-D48AA05044D2}.Release|x86.Build.0 = Release|Any CPU
		{4F68F035-9DC0-4DF4-B252-5BDD0E1C92F8}.Debug|Any CPU.ActiveCfg = Debug|Any CPU
		{4F68F035-9DC0-4DF4-B252-5BDD0E1C92F8}.Debug|Any CPU.Build.0 = Debug|Any CPU
		{4F68F035-9DC0-4DF4-B252-5BDD0E1C92F8}.Debug|x64.ActiveCfg = Debug|Any CPU
		{4F68F035-9DC0-4DF4-B252-5BDD0E1C92F8}.Debug|x64.Build.0 = Debug|Any CPU
		{4F68F035-9DC0-4DF4-B252-5BDD0E1C92F8}.Debug|x86.ActiveCfg = Debug|Any CPU
		{4F68F035-9DC0-4DF4-B252-5BDD0E1C92F8}.Debug|x86.Build.0 = Debug|Any CPU
		{4F68F035-9DC0-4DF4-B252-5BDD0E1C92F8}.Release|Any CPU.ActiveCfg = Release|Any CPU
		{4F68F035-9DC0-4DF4-B252-5BDD0E1C92F8}.Release|Any CPU.Build.0 = Release|Any CPU
		{4F68F035-9DC0-4DF4-B252-5BDD0E1C92F8}.Release|x64.ActiveCfg = Release|Any CPU
		{4F68F035-9DC0-4DF4-B252-5BDD0E1C92F8}.Release|x64.Build.0 = Release|Any CPU
		{4F68F035-9DC0-4DF4-B252-5BDD0E1C92F8}.Release|x86.ActiveCfg = Release|Any CPU
		{4F68F035-9DC0-4DF4-B252-5BDD0E1C92F8}.Release|x86.Build.0 = Release|Any CPU
		{8A781D88-AECA-4BEA-9A1D-89CB26332C5F}.Debug|Any CPU.ActiveCfg = Debug|Any CPU
		{8A781D88-AECA-4BEA-9A1D-89CB26332C5F}.Debug|Any CPU.Build.0 = Debug|Any CPU
		{8A781D88-AECA-4BEA-9A1D-89CB26332C5F}.Debug|x64.ActiveCfg = Debug|Any CPU
		{8A781D88-AECA-4BEA-9A1D-89CB26332C5F}.Debug|x64.Build.0 = Debug|Any CPU
		{8A781D88-AECA-4BEA-9A1D-89CB26332C5F}.Debug|x86.ActiveCfg = Debug|Any CPU
		{8A781D88-AECA-4BEA-9A1D-89CB26332C5F}.Debug|x86.Build.0 = Debug|Any CPU
		{8A781D88-AECA-4BEA-9A1D-89CB26332C5F}.Release|Any CPU.ActiveCfg = Release|Any CPU
		{8A781D88-AECA-4BEA-9A1D-89CB26332C5F}.Release|Any CPU.Build.0 = Release|Any CPU
		{8A781D88-AECA-4BEA-9A1D-89CB26332C5F}.Release|x64.ActiveCfg = Release|Any CPU
		{8A781D88-AECA-4BEA-9A1D-89CB26332C5F}.Release|x64.Build.0 = Release|Any CPU
		{8A781D88-AECA-4BEA-9A1D-89CB26332C5F}.Release|x86.ActiveCfg = Release|Any CPU
		{8A781D88-AECA-4BEA-9A1D-89CB26332C5F}.Release|x86.Build.0 = Release|Any CPU
	EndGlobalSection
	GlobalSection(SolutionProperties) = preSolution
		HideSolutionNode = FALSE
	EndGlobalSection
	GlobalSection(NestedProjects) = preSolution
		{B1C2D3E4-0001-0001-0001-000000000001} = {A1B2C3D4-0001-0001-0001-000000000001}
		{B1C2D3E4-0002-0001-0001-000000000001} = {A1B2C3D4-0001-0001-0001-000000000001}
		{B1C2D3E4-0001-0002-0001-000000000001} = {A1B2C3D4-0001-0001-0001-000000000002}
		{B1C2D3E4-0002-0002-0001-000000000001} = {A1B2C3D4-0001-0001-0001-000000000002}
		{B1C2D3E4-0003-0002-0001-000000000001} = {A1B2C3D4-0001-0001-0001-000000000002}
		{797EC7AB-6A23-4D6A-9CCB-08831DE063D5} = {0AB3BF05-4346-4AA6-1389-037BE0695223}
		{FF18DAEA-6F90-48FC-9819-EF7118C2F33D} = {A1B2C3D4-0001-0001-0001-000000000003}
		{BC2A2922-84D6-4181-9A4C-AC473CF6363F} = {A1B2C3D4-0001-0001-0001-000000000003}
		{D1E2F3A4-0001-0004-0001-000000000001} = {A1B2C3D4-0001-0001-0001-000000000004}
		{1C4EA957-2B5F-4CF4-AE37-BD8891F1A12D} = {A1B2C3D4-0001-0001-0001-000000000004}
		{A0362096-4F46-4E5D-BC91-328A8AE22D01} = {A1B2C3D4-0001-0001-0001-000000000004}
		{E0078B22-149A-9519-3FE1-B09082134991} = {A0362096-4F46-4E5D-BC91-328A8AE22D01}
		{D234F3F4-EF02-E095-BF3C-D48AA05044D2} = {A0362096-4F46-4E5D-BC91-328A8AE22D01}
		{4F68F035-9DC0-4DF4-B252-5BDD0E1C92F8} = {0AB3BF05-4346-4AA6-1389-037BE0695223}
		{8A781D88-AECA-4BEA-9A1D-89CB26332C5F} = {0AB3BF05-4346-4AA6-1389-037BE0695223}
	EndGlobalSection
EndGlobal
